
Microsoft Visual Studio Solution File, Format Version 12.00
# Visual Studio 2012
Project("{FAE04EC0-301F-11D3-BF4B-00C04F79EFBC}") = "Projet_Album_Photo", "Projet_Album_Photo\Projet_Album_Photo.csproj", "{011355AC-4B5C-4859-9E35-F0DD49D35E70}"
EndProject
Global
	GlobalSection(SolutionConfigurationPlatforms) = preSolution
		Debug|Any CPU = Debug|Any CPU
		Release|Any CPU = Release|Any CPU
	EndGlobalSection
	GlobalSection(ProjectConfigurationPlatforms) = postSolution
		{011355AC-4B5C-4859-9E35-F0DD49D35E70}.Debug|Any CPU.ActiveCfg = Debug|Any CPU
		{011355AC-4B5C-4859-9E35-F0DD49D35E70}.Debug|Any CPU.Build.0 = Debug|Any CPU
		{011355AC-4B5C-4859-9E35-F0DD49D35E70}.Release|Any CPU.ActiveCfg = Release|Any CPU
		{011355AC-4B5C-4859-9E35-F0DD49D35E70}.Release|Any CPU.Build.0 = Release|Any CPU
	EndGlobalSection
	GlobalSection(SolutionProperties) = preSolution
		HideSolutionNode = FALSE
	EndGlobalSection
EndGlobal
